
Microsoft Visual Studio Solution File, Format Version 11.00
# Visual Studio 2010
Project("{FAE04EC0-301F-11D3-BF4B-00C04F79EFBC}") = "FacebookSharp.Extensions", "FacebookSharp.Extensions\FacebookSharp.Extensions.csproj", "{CEF9D393-79A7-4FFC-9A6E-E415E57FFAEE}"
EndProject
Project("{FAE04EC0-301F-11D3-BF4B-00C04F79EFBC}") = "FacebookSharp.Core", "FacebookSharp.Core\FacebookSharp.Core.csproj", "{4E7E4294-219E-457A-B092-D1283A7B28BE}"
EndProject
Project("{FAE04EC0-301F-11D3-BF4B-00C04F79EFBC}") = "FacebookSharp.MySqlProvider", "FacebookSharp.MySqlProvider\FacebookSharp.MySqlProvider.csproj", "{AF07862D-1427-4C2C-BD30-2264E7AE3FF6}"
EndProject
Project("{FAE04EC0-301F-11D3-BF4B-00C04F79EFBC}") = "FacebookSharp.Web.JavascriptSdk", "FacebookSharp.Web.JavascriptSdk\FacebookSharp.Web.JavascriptSdk.csproj", "{CF8E1346-32E6-4A22-83E8-DF781009248E}"
EndProject
Global
	GlobalSection(SolutionConfigurationPlatforms) = preSolution
		Debug|Any CPU = Debug|Any CPU
		Release|Any CPU = Release|Any CPU
	EndGlobalSection
	GlobalSection(ProjectConfigurationPlatforms) = postSolution
		{CEF9D393-79A7-4FFC-9A6E-E415E57FFAEE}.Debug|Any CPU.ActiveCfg = Debug|Any CPU
		{CEF9D393-79A7-4FFC-9A6E-E415E57FFAEE}.Debug|Any CPU.Build.0 = Debug|Any CPU
		{CEF9D393-79A7-4FFC-9A6E-E415E57FFAEE}.Release|Any CPU.ActiveCfg = Release|Any CPU
		{CEF9D393-79A7-4FFC-9A6E-E415E57FFAEE}.Release|Any CPU.Build.0 = Release|Any CPU
		{4E7E4294-219E-457A-B092-D1283A7B28BE}.Debug|Any CPU.ActiveCfg = Debug|Any CPU
		{4E7E4294-219E-457A-B092-D1283A7B28BE}.Debug|Any CPU.Build.0 = Debug|Any CPU
		{4E7E4294-219E-457A-B092-D1283A7B28BE}.Release|Any CPU.ActiveCfg = Release|Any CPU
		{4E7E4294-219E-457A-B092-D1283A7B28BE}.Release|Any CPU.Build.0 = Release|Any CPU
		{AF07862D-1427-4C2C-BD30-2264E7AE3FF6}.Debug|Any CPU.ActiveCfg = Debug|Any CPU
		{AF07862D-1427-4C2C-BD30-2264E7AE3FF6}.Debug|Any CPU.Build.0 = Debug|Any CPU
		{AF07862D-1427-4C2C-BD30-2264E7AE3FF6}.Release|Any CPU.ActiveCfg = Release|Any CPU
		{AF07862D-1427-4C2C-BD30-2264E7AE3FF6}.Release|Any CPU.Build.0 = Release|Any CPU
		{CF8E1346-32E6-4A22-83E8-DF781009248E}.Debug|Any CPU.ActiveCfg = Debug|Any CPU
		{CF8E1346-32E6-4A22-83E8-DF781009248E}.Debug|Any CPU.Build.0 = Debug|Any CPU
		{CF8E1346-32E6-4A22-83E8-DF781009248E}.Release|Any CPU.ActiveCfg = Release|Any CPU
		{CF8E1346-32E6-4A22-83E8-DF781009248E}.Release|Any CPU.Build.0 = Release|Any CPU
	EndGlobalSection
	GlobalSection(SolutionProperties) = preSolution
		HideSolutionNode = FALSE
	EndGlobalSection
EndGlobal
